// !$*UTF8*$!
{
	archiveVersion = 1;
	classes = {
	};
	objectVersion = 56;
	objects = {

/* Begin PBXBuildFile section */
		60033CB229BC112E0056C51C /* character.cpp in Sources */ = {isa = PBXBuildFile; fileRef = 60033CB029BC112E0056C51C /* character.cpp */; };
		6005195C29D516B000978FA9 /* enemyVector.cpp in Sources */ = {isa = PBXBuildFile; fileRef = 6005195A29D516B000978FA9 /* enemyVector.cpp */; };
		6012A0C629D0C803007BB3BA /* item.cpp in Sources */ = {isa = PBXBuildFile; fileRef = 6012A0C429D0C803007BB3BA /* item.cpp */; };
		603BA5FA29C7EC44007E25AE /* enemy.cpp in Sources */ = {isa = PBXBuildFile; fileRef = 603BA5F829C7EC44007E25AE /* enemy.cpp */; };
		60BDED2429B56FEE00E33AB7 /* main.cpp in Sources */ = {isa = PBXBuildFile; fileRef = 60BDED2329B56FEE00E33AB7 /* main.cpp */; };
		60BDED2C29B5700200E33AB7 /* Gameplay.cpp in Sources */ = {isa = PBXBuildFile; fileRef = 60BDED2A29B5700200E33AB7 /* Gameplay.cpp */; };
		60C33B9829D32DC000666DD2 /* itemVector.cpp in Sources */ = {isa = PBXBuildFile; fileRef = 60C33B9629D32DC000666DD2 /* itemVector.cpp */; };
		60DACEC529D2520F005D2B66 /* Scenario.cpp in Sources */ = {isa = PBXBuildFile; fileRef = 60DACEC329D2520F005D2B66 /* Scenario.cpp */; };
		60DACEC829D25251005D2B66 /* ScenarioVector.cpp in Sources */ = {isa = PBXBuildFile; fileRef = 60DACEC629D25251005D2B66 /* ScenarioVector.cpp */; };
		60DED67929BD5EAF00AA845D /* player.cpp in Sources */ = {isa = PBXBuildFile; fileRef = 60DED67729BD5EAF00AA845D /* player.cpp */; };
/* End PBXBuildFile section */

/* Begin PBXCopyFilesBuildPhase section */
		60BDED1E29B56FEE00E33AB7 /* CopyFiles */ = {
			isa = PBXCopyFilesBuildPhase;
			buildActionMask = 2147483647;
			dstPath = /usr/share/man/man1/;
			dstSubfolderSpec = 0;
			files = (
			);
			runOnlyForDeploymentPostprocessing = 1;
		};
/* End PBXCopyFilesBuildPhase section */

/* Begin PBXFileReference section */
		60033CB029BC112E0056C51C /* character.cpp */ = {isa = PBXFileReference; lastKnownFileType = sourcecode.cpp.cpp; path = character.cpp; sourceTree = "<group>"; };
		60033CB129BC112E0056C51C /* character.hpp */ = {isa = PBXFileReference; lastKnownFileType = sourcecode.cpp.h; path = character.hpp; sourceTree = "<group>"; };
		6005195A29D516B000978FA9 /* enemyVector.cpp */ = {isa = PBXFileReference; lastKnownFileType = sourcecode.cpp.cpp; path = enemyVector.cpp; sourceTree = "<group>"; };
		6005195B29D516B000978FA9 /* enemyVector.hpp */ = {isa = PBXFileReference; lastKnownFileType = sourcecode.cpp.h; path = enemyVector.hpp; sourceTree = "<group>"; };
		6012A0C429D0C803007BB3BA /* item.cpp */ = {isa = PBXFileReference; lastKnownFileType = sourcecode.cpp.cpp; path = item.cpp; sourceTree = "<group>"; };
		6012A0C529D0C803007BB3BA /* item.hpp */ = {isa = PBXFileReference; lastKnownFileType = sourcecode.cpp.h; path = item.hpp; sourceTree = "<group>"; };
		603BA5F829C7EC44007E25AE /* enemy.cpp */ = {isa = PBXFileReference; lastKnownFileType = sourcecode.cpp.cpp; name = enemy.cpp; path = "adventure game/enemy.cpp"; sourceTree = "<group>"; };
		603BA5F929C7EC44007E25AE /* enemy.hpp */ = {isa = PBXFileReference; lastKnownFileType = sourcecode.cpp.h; name = enemy.hpp; path = "adventure game/enemy.hpp"; sourceTree = "<group>"; };
		60BDED2029B56FEE00E33AB7 /* adventure game */ = {isa = PBXFileReference; explicitFileType = "compiled.mach-o.executable"; includeInIndex = 0; path = "adventure game"; sourceTree = BUILT_PRODUCTS_DIR; };
		60BDED2329B56FEE00E33AB7 /* main.cpp */ = {isa = PBXFileReference; lastKnownFileType = sourcecode.cpp.cpp; path = main.cpp; sourceTree = "<group>"; };
		60BDED2A29B5700200E33AB7 /* Gameplay.cpp */ = {isa = PBXFileReference; lastKnownFileType = sourcecode.cpp.cpp; path = Gameplay.cpp; sourceTree = "<group>"; };
		60BDED2B29B5700200E33AB7 /* Gameplay.hpp */ = {isa = PBXFileReference; lastKnownFileType = sourcecode.cpp.h; path = Gameplay.hpp; sourceTree = "<group>"; };
		60C33B9629D32DC000666DD2 /* itemVector.cpp */ = {isa = PBXFileReference; lastKnownFileType = sourcecode.cpp.cpp; path = itemVector.cpp; sourceTree = "<group>"; };
		60C33B9729D32DC000666DD2 /* itemVector.hpp */ = {isa = PBXFileReference; lastKnownFileType = sourcecode.cpp.h; path = itemVector.hpp; sourceTree = "<group>"; };
		60DACEC329D2520F005D2B66 /* Scenario.cpp */ = {isa = PBXFileReference; lastKnownFileType = sourcecode.cpp.cpp; path = Scenario.cpp; sourceTree = "<group>"; };
		60DACEC429D2520F005D2B66 /* Scenario.hpp */ = {isa = PBXFileReference; lastKnownFileType = sourcecode.cpp.h; path = Scenario.hpp; sourceTree = "<group>"; };
		60DACEC629D25251005D2B66 /* ScenarioVector.cpp */ = {isa = PBXFileReference; lastKnownFileType = sourcecode.cpp.cpp; path = ScenarioVector.cpp; sourceTree = "<group>"; };
		60DACEC729D25251005D2B66 /* ScenarioVector.hpp */ = {isa = PBXFileReference; lastKnownFileType = sourcecode.cpp.h; path = ScenarioVector.hpp; sourceTree = "<group>"; };
		60DED67729BD5EAF00AA845D /* player.cpp */ = {isa = PBXFileReference; lastKnownFileType = sourcecode.cpp.cpp; path = player.cpp; sourceTree = "<group>"; };
		60DED67829BD5EAF00AA845D /* player.hpp */ = {isa = PBXFileReference; lastKnownFileType = sourcecode.cpp.h; path = player.hpp; sourceTree = "<group>"; };
/* End PBXFileReference section */

/* Begin PBXFrameworksBuildPhase section */
		60BDED1D29B56FEE00E33AB7 /* Frameworks */ = {
			isa = PBXFrameworksBuildPhase;
			buildActionMask = 2147483647;
			files = (
			);
			runOnlyForDeploymentPostprocessing = 0;
		};
/* End PBXFrameworksBuildPhase section */

/* Begin PBXGroup section */
		60BDED1729B56FEE00E33AB7 = {
			isa = PBXGroup;
			children = (
				6012A0C429D0C803007BB3BA /* item.cpp */,
				6012A0C529D0C803007BB3BA /* item.hpp */,
				603BA5F829C7EC44007E25AE /* enemy.cpp */,
				603BA5F929C7EC44007E25AE /* enemy.hpp */,
				60DED67729BD5EAF00AA845D /* player.cpp */,
				60DED67829BD5EAF00AA845D /* player.hpp */,
				60033CB029BC112E0056C51C /* character.cpp */,
				60033CB129BC112E0056C51C /* character.hpp */,
				60BDED2229B56FEE00E33AB7 /* adventure game */,
				60BDED2129B56FEE00E33AB7 /* Products */,
			);
			sourceTree = "<group>";
		};
		60BDED2129B56FEE00E33AB7 /* Products */ = {
			isa = PBXGroup;
			children = (
				60BDED2029B56FEE00E33AB7 /* adventure game */,
			);
			name = Products;
			sourceTree = "<group>";
		};
		60BDED2229B56FEE00E33AB7 /* adventure game */ = {
			isa = PBXGroup;
			children = (
				60BDED2329B56FEE00E33AB7 /* main.cpp */,
				6005195A29D516B000978FA9 /* enemyVector.cpp */,
				6005195B29D516B000978FA9 /* enemyVector.hpp */,
				60C33B9629D32DC000666DD2 /* itemVector.cpp */,
				60C33B9729D32DC000666DD2 /* itemVector.hpp */,
				60DACEC629D25251005D2B66 /* ScenarioVector.cpp */,
				60DACEC729D25251005D2B66 /* ScenarioVector.hpp */,
				60DACEC329D2520F005D2B66 /* Scenario.cpp */,
				60DACEC429D2520F005D2B66 /* Scenario.hpp */,
				60BDED2A29B5700200E33AB7 /* Gameplay.cpp */,
				60BDED2B29B5700200E33AB7 /* Gameplay.hpp */,
			);
			path = "adventure game";
			sourceTree = "<group>";
		};
/* End PBXGroup section */

/* Begin PBXNativeTarget section */
		60BDED1F29B56FEE00E33AB7 /* adventure game */ = {
			isa = PBXNativeTarget;
			buildConfigurationList = 60BDED2729B56FEE00E33AB7 /* Build configuration list for PBXNativeTarget "adventure game" */;
			buildPhases = (
				60BDED1C29B56FEE00E33AB7 /* Sources */,
				60BDED1D29B56FEE00E33AB7 /* Frameworks */,
				60BDED1E29B56FEE00E33AB7 /* CopyFiles */,
			);
			buildRules = (
			);
			dependencies = (
			);
			name = "adventure game";
			productName = "adventure game";
			productReference = 60BDED2029B56FEE00E33AB7 /* adventure game */;
			productType = "com.apple.product-type.tool";
		};
/* End PBXNativeTarget section */

/* Begin PBXProject section */
		60BDED1829B56FEE00E33AB7 /* Project object */ = {
			isa = PBXProject;
			attributes = {
				BuildIndependentTargetsInParallel = 1;
				LastUpgradeCheck = 1420;
				TargetAttributes = {
					60BDED1F29B56FEE00E33AB7 = {
						CreatedOnToolsVersion = 14.2;
					};
				};
			};
			buildConfigurationList = 60BDED1B29B56FEE00E33AB7 /* Build configuration list for PBXProject "adventure game" */;
			compatibilityVersion = "Xcode 14.0";
			developmentRegion = en;
			hasScannedForEncodings = 0;
			knownRegions = (
				en,
				Base,
			);
			mainGroup = 60BDED1729B56FEE00E33AB7;
			productRefGroup = 60BDED2129B56FEE00E33AB7 /* Products */;
			projectDirPath = "";
			projectRoot = "";
			targets = (
				60BDED1F29B56FEE00E33AB7 /* adventure game */,
			);
		};
/* End PBXProject section */

/* Begin PBXSourcesBuildPhase section */
		60BDED1C29B56FEE00E33AB7 /* Sources */ = {
			isa = PBXSourcesBuildPhase;
			buildActionMask = 2147483647;
			files = (
				603BA5FA29C7EC44007E25AE /* enemy.cpp in Sources */,
				6005195C29D516B000978FA9 /* enemyVector.cpp in Sources */,
				60DACEC529D2520F005D2B66 /* Scenario.cpp in Sources */,
				60C33B9829D32DC000666DD2 /* itemVector.cpp in Sources */,
				60DACEC829D25251005D2B66 /* ScenarioVector.cpp in Sources */,
				60DED67929BD5EAF00AA845D /* player.cpp in Sources */,
				6012A0C629D0C803007BB3BA /* item.cpp in Sources */,
				60BDED2429B56FEE00E33AB7 /* main.cpp in Sources */,
				60BDED2C29B5700200E33AB7 /* Gameplay.cpp in Sources */,
				60033CB229BC112E0056C51C /* character.cpp in Sources */,
			);
			runOnlyForDeploymentPostprocessing = 0;
		};
/* End PBXSourcesBuildPhase section */

/* Begin XCBuildConfiguration section */
		60BDED2529B56FEE00E33AB7 /* Debug */ = {
			isa = XCBuildConfiguration;
			buildSettings = {
				ALWAYS_SEARCH_USER_PATHS = NO;
				CLANG_ANALYZER_NONNULL = YES;
				CLANG_ANALYZER_NUMBER_OBJECT_CONVERSION = YES_AGGRESSIVE;
				CLANG_CXX_LANGUAGE_STANDARD = "gnu++20";
				CLANG_ENABLE_MODULES = YES;
				CLANG_ENABLE_OBJC_ARC = YES;
				CLANG_ENABLE_OBJC_WEAK = YES;
				CLANG_WARN_BLOCK_CAPTURE_AUTORELEASING = YES;
				CLANG_WARN_BOOL_CONVERSION = YES;
				CLANG_WARN_COMMA = YES;
				CLANG_WARN_CONSTANT_CONVERSION = YES;
				CLANG_WARN_DEPRECATED_OBJC_IMPLEMENTATIONS = YES;
				CLANG_WARN_DIRECT_OBJC_ISA_USAGE = YES_ERROR;
				CLANG_WARN_DOCUMENTATION_COMMENTS = YES;
				CLANG_WARN_EMPTY_BODY = YES;
				CLANG_WARN_ENUM_CONVERSION = YES;
				CLANG_WARN_INFINITE_RECURSION = YES;
				CLANG_WARN_INT_CONVERSION = YES;
				CLANG_WARN_NON_LITERAL_NULL_CONVERSION = YES;
				CLANG_WARN_OBJC_IMPLICIT_RETAIN_SELF = YES;
				CLANG_WARN_OBJC_LITERAL_CONVERSION = YES;
				CLANG_WARN_OBJC_ROOT_CLASS = YES_ERROR;
				CLANG_WARN_QUOTED_INCLUDE_IN_FRAMEWORK_HEADER = YES;
				CLANG_WARN_RANGE_LOOP_ANALYSIS = YES;
				CLANG_WARN_STRICT_PROTOTYPES = YES;
				CLANG_WARN_SUSPICIOUS_MOVE = YES;
				CLANG_WARN_UNGUARDED_AVAILABILITY = YES_AGGRESSIVE;
				CLANG_WARN_UNREACHABLE_CODE = YES;
				CLANG_WARN__DUPLICATE_METHOD_MATCH = YES;
				COPY_PHASE_STRIP = NO;
				DEBUG_INFORMATION_FORMAT = dwarf;
				ENABLE_STRICT_OBJC_MSGSEND = YES;
				ENABLE_TESTABILITY = YES;
				GCC_C_LANGUAGE_STANDARD = gnu11;
				GCC_DYNAMIC_NO_PIC = NO;
				GCC_NO_COMMON_BLOCKS = YES;
				GCC_OPTIMIZATION_LEVEL = 0;
				GCC_PREPROCESSOR_DEFINITIONS = (
					"DEBUG=1",
					"$(inherited)",
				);
				GCC_WARN_64_TO_32_BIT_CONVERSION = YES;
				GCC_WARN_ABOUT_RETURN_TYPE = YES_ERROR;
				GCC_WARN_UNDECLARED_SELECTOR = YES;
				GCC_WARN_UNINITIALIZED_AUTOS = YES_AGGRESSIVE;
				GCC_WARN_UNUSED_FUNCTION = YES;
				GCC_WARN_UNUSED_VARIABLE = YES;
				MACOSX_DEPLOYMENT_TARGET = 13.1;
				MTL_ENABLE_DEBUG_INFO = INCLUDE_SOURCE;
				MTL_FAST_MATH = YES;
				ONLY_ACTIVE_ARCH = YES;
				SDKROOT = macosx;
			};
			name = Debug;
		};
		60BDED2629B56FEE00E33AB7 /* Release */ = {
			isa = XCBuildConfiguration;
			buildSettings = {
				ALWAYS_SEARCH_USER_PATHS = NO;
				CLANG_ANALYZER_NONNULL = YES;
				CLANG_ANALYZER_NUMBER_OBJECT_CONVERSION = YES_AGGRESSIVE;
				CLANG_CXX_LANGUAGE_STANDARD = "gnu++20";
				CLANG_ENABLE_MODULES = YES;
				CLANG_ENABLE_OBJC_ARC = YES;
				CLANG_ENABLE_OBJC_WEAK = YES;
				CLANG_WARN_BLOCK_CAPTURE_AUTORELEASING = YES;
				CLANG_WARN_BOOL_CONVERSION = YES;
				CLANG_WARN_COMMA = YES;
				CLANG_WARN_CONSTANT_CONVERSION = YES;
				CLANG_WARN_DEPRECATED_OBJC_IMPLEMENTATIONS = YES;
				CLANG_WARN_DIRECT_OBJC_ISA_USAGE = YES_ERROR;
				CLANG_WARN_DOCUMENTATION_COMMENTS = YES;
				CLANG_WARN_EMPTY_BODY = YES;
				CLANG_WARN_ENUM_CONVERSION = YES;
				CLANG_WARN_INFINITE_RECURSION = YES;
				CLANG_WARN_INT_CONVERSION = YES;
				CLANG_WARN_NON_LITERAL_NULL_CONVERSION = YES;
				CLANG_WARN_OBJC_IMPLICIT_RETAIN_SELF = YES;
				CLANG_WARN_OBJC_LITERAL_CONVERSION = YES;
				CLANG_WARN_OBJC_ROOT_CLASS = YES_ERROR;
				CLANG_WARN_QUOTED_INCLUDE_IN_FRAMEWORK_HEADER = YES;
				CLANG_WARN_RANGE_LOOP_ANALYSIS = YES;
				CLANG_WARN_STRICT_PROTOTYPES = YES;
				CLANG_WARN_SUSPICIOUS_MOVE = YES;
				CLANG_WARN_UNGUARDED_AVAILABILITY = YES_AGGRESSIVE;
				CLANG_WARN_UNREACHABLE_CODE = YES;
				CLANG_WARN__DUPLICATE_METHOD_MATCH = YES;
				COPY_PHASE_STRIP = NO;
				DEBUG_INFORMATION_FORMAT = "dwarf-with-dsym";
				ENABLE_NS_ASSERTIONS = NO;
				ENABLE_STRICT_OBJC_MSGSEND = YES;
				GCC_C_LANGUAGE_STANDARD = gnu11;
				GCC_NO_COMMON_BLOCKS = YES;
				GCC_WARN_64_TO_32_BIT_CONVERSION = YES;
				GCC_WARN_ABOUT_RETURN_TYPE = YES_ERROR;
				GCC_WARN_UNDECLARED_SELECTOR = YES;
				GCC_WARN_UNINITIALIZED_AUTOS = YES_AGGRESSIVE;
				GCC_WARN_UNUSED_FUNCTION = YES;
				GCC_WARN_UNUSED_VARIABLE = YES;
				MACOSX_DEPLOYMENT_TARGET = 13.1;
				MTL_ENABLE_DEBUG_INFO = NO;
				MTL_FAST_MATH = YES;
				SDKROOT = macosx;
			};
			name = Release;
		};
		60BDED2829B56FEE00E33AB7 /* Debug */ = {
			isa = XCBuildConfiguration;
			buildSettings = {
				CODE_SIGN_STYLE = Automatic;
				PRODUCT_NAME = "$(TARGET_NAME)";
			};
			name = Debug;
		};
		60BDED2929B56FEE00E33AB7 /* Release */ = {
			isa = XCBuildConfiguration;
			buildSettings = {
				CODE_SIGN_STYLE = Automatic;
				PRODUCT_NAME = "$(TARGET_NAME)";
			};
			name = Release;
		};
/* End XCBuildConfiguration section */

/* Begin XCConfigurationList section */
		60BDED1B29B56FEE00E33AB7 /* Build configuration list for PBXProject "adventure game" */ = {
			isa = XCConfigurationList;
			buildConfigurations = (
				60BDED2529B56FEE00E33AB7 /* Debug */,
				60BDED2629B56FEE00E33AB7 /* Release */,
			);
			defaultConfigurationIsVisible = 0;
			defaultConfigurationName = Release;
		};
		60BDED2729B56FEE00E33AB7 /* Build configuration list for PBXNativeTarget "adventure game" */ = {
			isa = XCConfigurationList;
			buildConfigurations = (
				60BDED2829B56FEE00E33AB7 /* Debug */,
				60BDED2929B56FEE00E33AB7 /* Release */,
			);
			defaultConfigurationIsVisible = 0;
			defaultConfigurationName = Release;
		};
/* End XCConfigurationList section */
	};
	rootObject = 60BDED1829B56FEE00E33AB7 /* Project object */;
}
